
Microsoft Visual Studio Solution File, Format Version 12.00
# Visual Studio Version 17
VisualStudioVersion = 17.2.32616.157
MinimumVisualStudioVersion = 10.0.40219.1
Project("{FAE04EC0-301F-11D3-BF4B-00C04F79EFBC}") = "LINQExercise", "LINQExercise\LINQExercise.csproj", "{A23EEC56-170C-467C-9908-3C2CA1E7F7C2}"
EndProject
Global
	GlobalSection(SolutionConfigurationPlatforms) = preSolution
		Debug|Any CPU = Debug|Any CPU
		Release|Any CPU = Release|Any CPU
	EndGlobalSection
	GlobalSection(ProjectConfigurationPlatforms) = postSolution
		{A23EEC56-170C-467C-9908-3C2CA1E7F7C2}.Debug|Any CPU.ActiveCfg = Debug|Any CPU
		{A23EEC56-170C-467C-9908-3C2CA1E7F7C2}.Debug|Any CPU.Build.0 = Debug|Any CPU
		{A23EEC56-170C-467C-9908-3C2CA1E7F7C2}.Release|Any CPU.ActiveCfg = Release|Any CPU
		{A23EEC56-170C-467C-9908-3C2CA1E7F7C2}.Release|Any CPU.Build.0 = Release|Any CPU
	EndGlobalSection
	GlobalSection(SolutionProperties) = preSolution
		HideSolutionNode = FALSE
	EndGlobalSection
	GlobalSection(ExtensibilityGlobals) = postSolution
		SolutionGuid = {525F4476-5638-44B5-A346-C401178970A3}
	EndGlobalSection
EndGlobal
